<?xml version="1.0" encoding="utf-8"?>
<Project ToolsVersion="4.0" xmlns="http://schemas.microsoft.com/developer/msbuild/2003">
  <ItemGroup>
    <Filter Include="Win32 Console Application">
      <UniqueIdentifier>{246279d4-9d8a-4a8f-a05d-4b40844588f1}</UniqueIdentifier>
    </Filter>
    <Filter Include="Win32 Console Application\Source Files">
      <UniqueIdentifier>{4FC737F1-C7A5-4376-A066-2A32D752A2FF}</UniqueIdentifier>
      <Extensions>cpp;c;cc;cxx;def;odl;idl;hpj;bat;asm;asmx</Extensions>
    </Filter>
    <Filter Include="Win32 Console Application\Header Files">
      <UniqueIdentifier>{93995380-89BD-4b04-88EB-625FBE52EBFB}</UniqueIdentifier>
      <Extensions>h;hpp;hxx;hm;inl;inc;xsd</Extensions>
    </Filter>
    <Filter Include="simple">
      <UniqueIdentifier>{9a7a7c05-ac08-4962-a8fb-aede8671f8ee}</UniqueIdentifier>
    </Filter>
  </ItemGroup>
  <ItemGroup>
    <ClInclude Include="stdafx.h">
      <Filter>Win32 Console Application\Header Files</Filter>
    </ClInclude>
    <ClInclude Include="targetver.h">
      <Filter>Win32 Console Application\Header Files</Filter>
    </ClInclude>
    <ClInclude Include="..\..\third_party\cppunit\examples\simple\ExampleTestCase.h">
      <Filter>simple</Filter>
    </ClInclude>
  </ItemGroup>
  <ItemGroup>
    <ClCompile Include="stdafx.cpp">
      <Filter>Win32 Console Application\Source Files</Filter>
    </ClCompile>
    <ClCompile Include="..\..\third_party\cppunit\examples\simple\ExampleTestCase.cpp">
      <Filter>simple</Filter>
    </ClCompile>
    <ClCompile Include="..\..\third_party\cppunit\examples\simple\Main.cpp">
      <Filter>simple</Filter>
    </ClCompile>
  </ItemGroup>
</Project>